
Microsoft Visual Studio Solution File, Format Version 12.00
Project("{FAE04EC0-301F-11D3-BF4B-00C04F79EFBC}") = "ToDoWebApi", "ToDoWebApi\ToDoWebApi.csproj", "{274666DD-B300-4A3E-A0F0-C4C4FAB7F34B}"
EndProject
Project("{FAE04EC0-301F-11D3-BF4B-00C04F79EFBC}") = "ToDoWebApi.Test", "ToDoWebApi.Test\ToDoWebApi.Test.csproj", "{56968D1A-76F1-4499-B7AE-0CC35CB4BD1F}"
EndProject
Project("{2150E333-8FDC-42A3-9474-1A3956D46DE8}") = "SolutionFiles", "SolutionFiles", "{5A9F0174-3225-402F-A1A4-77746ADC1E10}"
ProjectSection(SolutionItems) = preProject
	.github\workflows\github.yml = .github\workflows\github.yml
	ReadMe.md = ReadMe.md
EndProjectSection
EndProject
Global
	GlobalSection(SolutionConfigurationPlatforms) = preSolution
		Debug|Any CPU = Debug|Any CPU
		Release|Any CPU = Release|Any CPU
	EndGlobalSection
	GlobalSection(ProjectConfigurationPlatforms) = postSolution
		{274666DD-B300-4A3E-A0F0-C4C4FAB7F34B}.Debug|Any CPU.ActiveCfg = Debug|Any CPU
		{274666DD-B300-4A3E-A0F0-C4C4FAB7F34B}.Debug|Any CPU.Build.0 = Debug|Any CPU
		{274666DD-B300-4A3E-A0F0-C4C4FAB7F34B}.Release|Any CPU.ActiveCfg = Release|Any CPU
		{274666DD-B300-4A3E-A0F0-C4C4FAB7F34B}.Release|Any CPU.Build.0 = Release|Any CPU
		{56968D1A-76F1-4499-B7AE-0CC35CB4BD1F}.Debug|Any CPU.ActiveCfg = Debug|Any CPU
		{56968D1A-76F1-4499-B7AE-0CC35CB4BD1F}.Debug|Any CPU.Build.0 = Debug|Any CPU
		{56968D1A-76F1-4499-B7AE-0CC35CB4BD1F}.Release|Any CPU.ActiveCfg = Release|Any CPU
		{56968D1A-76F1-4499-B7AE-0CC35CB4BD1F}.Release|Any CPU.Build.0 = Release|Any CPU
	EndGlobalSection
EndGlobal
